{
  "lockfile_version": "1",
  "packages": {
    "bun@1": {
      "last_modified": "2026-03-21T07:29:51Z",
      "resolved": "github:NixOS/nixpkgs/09061f748ee21f68a089cd5d91ec1859cd93d0be#bun",
      "source": "devbox-search",
      "version": "1.3.10",
      "systems": {
        "aarch64-darwin": {
          "outputs": [
            {
              "name": "out",
              "path": "/nix/store/547qzc7q2rq2acqk1srl9fybjf856nm0-bun-1.3.10",
              "default": true
            }
          ],
          "store_path": "/nix/store/547qzc7q2rq2acqk1srl9fybjf856nm0-bun-1.3.10"
        },
        "aarch64-linux": {
          "outputs": [
            {
              "name": "out",
              "path": "/nix/store/iq2q5hhl5w100lsbd3q6zi79prqmj99w-bun-1.3.10",
              "default": true
            }
          ],
          "store_path": "/nix/store/iq2q5hhl5w100lsbd3q6zi79prqmj99w-bun-1.3.10"
        },
        "x86_64-darwin": {
          "outputs": [
            {
              "name": "out",
              "path": "/nix/store/nxjxq2qra7jc31hjagnn4xhsighbdfkb-bun-1.3.10",
              "default": true
            }
          ],
          "store_path": "/nix/store/nxjxq2qra7jc31hjagnn4xhsighbdfkb-bun-1.3.10"
        },
        "x86_64-linux": {
          "outputs": [
            {
              "name": "out",
              "path": "/nix/store/k94dpfj7wvwaz7brgcrgax56s0sl5pki-bun-1.3.10",
              "default": true
            }
          ],
          "store_path": "/nix/store/k94dpfj7wvwaz7brgcrgax56s0sl5pki-bun-1.3.10"
        }
      }
    },
    "github:NixOS/nixpkgs/nixpkgs-unstable": {
      "last_modified": "2026-03-16T02:27:38Z",
      "resolved": "github:NixOS/nixpkgs/f8573b9c935cfaa162dd62cc9e75ae2db86f85df?lastModified=1773628058"
    },
    "nodejs@22": {
      "last_modified": "2026-03-21T07:29:51Z",
      "plugin_version": "0.0.2",
      "resolved": "github:NixOS/nixpkgs/09061f748ee21f68a089cd5d91ec1859cd93d0be#nodejs_22",
      "source": "devbox-search",
      "version": "22.22.1",
      "systems": {
        "aarch64-darwin": {
          "outputs": [
            {
              "name": "out",
              "path": "/nix/store/c5rhp8fwf3zhrwqs1hg3x23346al7g1a-nodejs-22.22.1",
              "default": true
            }
          ],
          "store_path": "/nix/store/c5rhp8fwf3zhrwqs1hg3x23346al7g1a-nodejs-22.22.1"
        },
        "aarch64-linux": {
          "outputs": [
            {
              "name": "out",
              "path": "/nix/store/gvb9pgbsrsrr2cf14hbwb9cpl8qhv1kv-nodejs-22.22.1",
              "default": true
            }
          ],
          "store_path": "/nix/store/gvb9pgbsrsrr2cf14hbwb9cpl8qhv1kv-nodejs-22.22.1"
        },
        "x86_64-darwin": {
          "outputs": [
            {
              "name": "out",
              "path": "/nix/store/fd5fsgjv5lmp1qzms41f6bf1gkk4pb82-nodejs-22.22.1",
              "default": true
            }
          ],
          "store_path": "/nix/store/fd5fsgjv5lmp1qzms41f6bf1gkk4pb82-nodejs-22.22.1"
        },
        "x86_64-linux": {
          "outputs": [
            {
              "name": "out",
              "path": "/nix/store/q04hinixx2jzv5ap76zv61c8fyx9ajbv-nodejs-22.22.1",
              "default": true
            }
          ],
          "store_path": "/nix/store/q04hinixx2jzv5ap76zv61c8fyx9ajbv-nodejs-22.22.1"
        }
      }
    },
    "python314Packages.pip": {
      "resolved": "github:NixOS/nixpkgs/f8573b9c935cfaa162dd62cc9e75ae2db86f85df#python314Packages.pip",
      "source": "nixpkg"
    },
    "python@3.14": {
      "last_modified": "2026-03-21T07:29:51Z",
      "plugin_version": "0.0.4",
      "resolved": "github:NixOS/nixpkgs/09061f748ee21f68a089cd5d91ec1859cd93d0be#python314",
      "source": "devbox-search",
      "version": "3.14.3",
      "systems": {
        "aarch64-darwin": {
          "outputs": [
            {
              "name": "out",
              "path": "/nix/store/dfkim8vahgdqhk1lrxz1j4mcighlrk99-python3-3.14.3",
              "default": true
            }
          ],
          "store_path": "/nix/store/dfkim8vahgdqhk1lrxz1j4mcighlrk99-python3-3.14.3"
        },
        "aarch64-linux": {
          "outputs": [
            {
              "name": "out",
              "path": "/nix/store/s33vdxkahhrdbyrqyw8yn71kzr44l6a0-python3-3.14.3",
              "default": true
            },
            {
              "name": "debug",
              "path": "/nix/store/q82pzlagc8igcmi0gd9d15nbyh75450g-python3-3.14.3-debug"
            }
          ],
          "store_path": "/nix/store/s33vdxkahhrdbyrqyw8yn71kzr44l6a0-python3-3.14.3"
        },
        "x86_64-darwin": {
          "outputs": [
            {
              "name": "out",
              "path": "/nix/store/vinh1kffaxdk2x5s2fqx3x56x4hgcpwr-python3-3.14.3",
              "default": true
            }
          ],
          "store_path": "/nix/store/vinh1kffaxdk2x5s2fqx3x56x4hgcpwr-python3-3.14.3"
        },
        "x86_64-linux": {
          "outputs": [
            {
              "name": "out",
              "path": "/nix/store/qr0wqh2damb6asnyz4jkx61id5yg3qh2-python3-3.14.3",
              "default": true
            },
            {
              "name": "debug",
              "path": "/nix/store/c3piq5blycxhicidsmfc0nih01r0svxq-python3-3.14.3-debug"
            }
          ],
          "store_path": "/nix/store/qr0wqh2damb6asnyz4jkx61id5yg3qh2-python3-3.14.3"
        }
      }
    },
    "typescript@5": {
      "last_modified": "2026-03-21T07:29:51Z",
      "resolved": "github:NixOS/nixpkgs/09061f748ee21f68a089cd5d91ec1859cd93d0be#typescript",
      "source": "devbox-search",
      "version": "5.9.3",
      "systems": {
        "aarch64-darwin": {
          "outputs": [
            {
              "name": "out",
              "path": "/nix/store/snhhwv8zjbyv024iiasccjamn9rn6v67-typescript-5.9.3",
              "default": true
            }
          ],
          "store_path": "/nix/store/snhhwv8zjbyv024iiasccjamn9rn6v67-typescript-5.9.3"
        },
        "aarch64-linux": {
          "outputs": [
            {
              "name": "out",
              "path": "/nix/store/zpd0njdk6qsbrys5gxlig7q69g6zpd9c-typescript-5.9.3",
              "default": true
            }
          ],
          "store_path": "/nix/store/zpd0njdk6qsbrys5gxlig7q69g6zpd9c-typescript-5.9.3"
        },
        "x86_64-darwin": {
          "outputs": [
            {
              "name": "out",
              "path": "/nix/store/zvbnfkkhdy0q7lbmp71br4hdjd3gbpms-typescript-5.9.3",
              "default": true
            }
          ],
          "store_path": "/nix/store/zvbnfkkhdy0q7lbmp71br4hdjd3gbpms-typescript-5.9.3"
        },
        "x86_64-linux": {
          "outputs": [
            {
              "name": "out",
              "path": "/nix/store/72cirv7g0ac6sy559zmlqg0gn3vzkhbc-typescript-5.9.3",
              "default": true
            }
          ],
          "store_path": "/nix/store/72cirv7g0ac6sy559zmlqg0gn3vzkhbc-typescript-5.9.3"
        }
      }
    }
  }
}
